
Microsoft Visual Studio Solution File, Format Version 12.00
# Visual Studio Version 17
VisualStudioVersion = 17.14.36202.13
MinimumVisualStudioVersion = 10.0.40219.1
Project("{FAE04EC0-301F-11D3-BF4B-00C04F79EFBC}") = "AdventOfCode2025_1", "AdventOfCode2025_1.csproj", "{773C69CF-0A6A-4E2E-BDA9-4EC5DA5534AF}"
EndProject
Project("{2150E333-8FDC-42A3-9474-1A3956D46DE8}") = "Solution Items", "Solution Items", "{8EC462FD-D22E-90A8-E5CE-7E832BA40C5D}"
EndProject
Project("{FAE04EC0-301F-11D3-BF4B-00C04F79EFBC}") = "AdventOfCode2025_2", "..\AdventOfCode2025_2\AdventOfCode2025_2.csproj", "{75E37B8B-6563-427E-A4AE-A26AC9C75CAC}"
EndProject
Project("{FAE04EC0-301F-11D3-BF4B-00C04F79EFBC}") = "AdventOfCode2025_3", "..\AdventOfCode2025_3\AdventOfCode2025_3.csproj", "{6D858997-1EF2-42B3-BAAA-A644C0871040}"
EndProject
Project("{FAE04EC0-301F-11D3-BF4B-00C04F79EFBC}") = "AdventOfCode2025_4", "..\AdventOfCode2025_4\AdventOfCode2025_4.csproj", "{978DFD92-54A8-48E2-B702-1E99664E64E7}"
EndProject
Project("{FAE04EC0-301F-11D3-BF4B-00C04F79EFBC}") = "AdventOfCode2025_5", "..\AdventOfCode2025_5\AdventOfCode2025_5.csproj", "{77681C4A-A09D-459F-8C32-9BC7F673D8DE}"
EndProject
Global
	GlobalSection(SolutionConfigurationPlatforms) = preSolution
		Debug|Any CPU = Debug|Any CPU
		Release|Any CPU = Release|Any CPU
	EndGlobalSection
	GlobalSection(ProjectConfigurationPlatforms) = postSolution
		{773C69CF-0A6A-4E2E-BDA9-4EC5DA5534AF}.Debug|Any CPU.ActiveCfg = Debug|Any CPU
		{773C69CF-0A6A-4E2E-BDA9-4EC5DA5534AF}.Debug|Any CPU.Build.0 = Debug|Any CPU
		{773C69CF-0A6A-4E2E-BDA9-4EC5DA5534AF}.Release|Any CPU.ActiveCfg = Release|Any CPU
		{773C69CF-0A6A-4E2E-BDA9-4EC5DA5534AF}.Release|Any CPU.Build.0 = Release|Any CPU
		{75E37B8B-6563-427E-A4AE-A26AC9C75CAC}.Debug|Any CPU.ActiveCfg = Debug|Any CPU
		{75E37B8B-6563-427E-A4AE-A26AC9C75CAC}.Debug|Any CPU.Build.0 = Debug|Any CPU
		{75E37B8B-6563-427E-A4AE-A26AC9C75CAC}.Release|Any CPU.ActiveCfg = Release|Any CPU
		{75E37B8B-6563-427E-A4AE-A26AC9C75CAC}.Release|Any CPU.Build.0 = Release|Any CPU
		{6D858997-1EF2-42B3-BAAA-A644C0871040}.Debug|Any CPU.ActiveCfg = Debug|Any CPU
		{6D858997-1EF2-42B3-BAAA-A644C0871040}.Debug|Any CPU.Build.0 = Debug|Any CPU
		{6D858997-1EF2-42B3-BAAA-A644C0871040}.Release|Any CPU.ActiveCfg = Release|Any CPU
		{6D858997-1EF2-42B3-BAAA-A644C0871040}.Release|Any CPU.Build.0 = Release|Any CPU
		{978DFD92-54A8-48E2-B702-1E99664E64E7}.Debug|Any CPU.ActiveCfg = Debug|Any CPU
		{978DFD92-54A8-48E2-B702-1E99664E64E7}.Debug|Any CPU.Build.0 = Debug|Any CPU
		{978DFD92-54A8-48E2-B702-1E99664E64E7}.Release|Any CPU.ActiveCfg = Release|Any CPU
		{978DFD92-54A8-48E2-B702-1E99664E64E7}.Release|Any CPU.Build.0 = Release|Any CPU
		{77681C4A-A09D-459F-8C32-9BC7F673D8DE}.Debug|Any CPU.ActiveCfg = Debug|Any CPU
		{77681C4A-A09D-459F-8C32-9BC7F673D8DE}.Debug|Any CPU.Build.0 = Debug|Any CPU
		{77681C4A-A09D-459F-8C32-9BC7F673D8DE}.Release|Any CPU.ActiveCfg = Release|Any CPU
		{77681C4A-A09D-459F-8C32-9BC7F673D8DE}.Release|Any CPU.Build.0 = Release|Any CPU
	EndGlobalSection
	GlobalSection(SolutionProperties) = preSolution
		HideSolutionNode = FALSE
	EndGlobalSection
	GlobalSection(ExtensibilityGlobals) = postSolution
		SolutionGuid = {06A292D3-B7C9-4BBA-B51B-5A0319771059}
	EndGlobalSection
EndGlobal
